github.com/antlr/antlr4 v0.0.0-20190726171924-e4737db19f4f h1:GhBxi/Go5GISuLutOqoZ3RaWUpwiruwzlDPXLF0G40g=
github.com/antlr/antlr4 v0.0.0-20190726171924-e4737db19f4f/go.mod h1:T7PbCXFs94rrTttyxjbyT5+/1V8T2TYDejxUfHJjw1Y=
github.com/bmizerany/assert v0.0.0-20160611221934-b7ed37b82869 h1:DDGfHa7BWjL4YnC6+E63dPcxHo2sUxDIu8g3QgEJdRY=
github.com/bmizerany/assert v0.0.0-20160611221934-b7ed37b82869/go.mod h1:Ekp36dRnpXw/yCqJaO+ZrUyxD+3VXMFFr56k5XYrpB4=
github.com/gobs/args v0.0.0-20180315064131-86002b4df18c h1:3r/O0iUDMwVJx8XCrjcUvfmfbVP3poiT+1dLyYzx8+w=
github.com/gobs/args v0.0.0-20180315064131-86002b4df18c/go.mod h1:ZpqkpUmnBz2Jz7hMGSPRbHtYC82FP/IZ1Y7A2riYH0s=
github.com/gobs/cmd v0.0.0-20190324050028-4980f07f0e1e h1:vWwqUdGDoziWUBrelcLFeKXNqE78YDPMAJw88GvJqH8=
github.com/gobs/cmd v0.0.0-20190324050028-4980f07f0e1e/go.mod h1:WRkJ/0UMxb/mKY1Ju3eBM1YEh8/siryLPhRRKTAYXZM=
github.com/gobs/httpclient v0.0.0-20190604012146-78559867f490 h1:oB80jYKeeNXaJJDf13zsA4oDJ3K82IFArlZhWXowjF4=
github.com/gobs/httpclient v0.0.0-20190604012146-78559867f490/go.mod h1:uPG1mH4ubcBV9o4vcjJDaFzqIMUW8nz6zg2KkINv4+M=
github.com/gobs/jsonpath v0.0.0-20190620221231-9d8b7ff0e691 h1:BErhfWwziNc3ct+c7SPST1m0nIAkF2BRq+OhYQeO3sU=
github.com/gobs/jsonpath v0.0.0-20190620221231-9d8b7ff0e691/go.mod h1:DQEoawcgPxAepZAww3q+vi7vmCJEn8k19u6cTKq8XWg=
github.com/gobs/pretty v0.0.0-20180724170744-09732c25a95b h1:/vQ+oYKu+JoyaMPDsv5FzwuL2wwWBgBbtj/YLCi4LuA=
github.com/gobs/pretty v0.0.0-20180724170744-09732c25a95b/go.mod h1:Xo4aNUOrJnVruqWQJBtW6+bTBDTniY8yZum5rF3b5jw=
github.com/gobs/simplejson v0.0.0-20181106204727-c70e6bd5e26b h1:R6nfOvxM/FSBpF6uOitK+RslvoNZ5kUIdOC3HOfiInI=
github.com/gobs/simplejson v0.0.0-20181106204727-c70e6bd5e26b/go.mod h1:I5K8pVtjLb3st/ifOHRR6S5Z8RS2qj8fUtM0SLndj8Y=
github.com/gobs/sortedmap v0.0.0-20180415035444-18926d62e692 h1:iW80aMfpoTzMlgmTaUKG10s4Z5P1FLEahQRiJFYiQQQ=
github.com/gobs/sortedmap v0.0.0-20180415035444-18926d62e692/go.mod h1:nEPmvfxhd5zfwfJECB/RL5Tb2BMIAQpf+Lw2xyO7/fc=
github.com/gorilla/websocket v1.4.0 h1:WDFjx/TMzVgy9VdMMQi2K2Emtwi2QcUQsztZ/zLaH/Q=
github.com/gorilla/websocket v1.4.0/go.mod h1:E7qHFY5m1UJ88s3WnNqhKjPHQ0heANvMoAMk2YaljkQ=
github.com/kr/pretty v0.1.0 h1:L/CwN0zerZDmRFUapSPitk6f+Q3+0za1rQkzVuMiMFI=
github.com/kr/pretty v0.1.0/go.mod h1:dAy3ld7l9f0ibDNOQOHHMYYIIbhfbHSm3C4ZsoJORNo=
github.com/kr/pty v1.1.1/go.mod h1:pFQYn66WHrOpPYNljwOMqo10TkYh1fy3cYio2l3bCsQ=
github.com/kr/text v0.1.0 h1:45sCR5RtlFHMR4UwH9sdQ5TC8v0qDQCHnXt+kaKSTVE=
github.com/kr/text v0.1.0/go.mod h1:4Jbv+DJW3UT/LiOwJeYQe1efqtUx/iVham/4vfdArNI=
github.com/mattn/go-runewidth v0.0.3 h1:a+kO+98RDGEfo6asOGMmpodZq4FNtnGP54yps8BzLR4=
github.com/mattn/go-runewidth v0.0.3/go.mod h1:LwmH8dsx7+W8Uxz3IHJYH5QSwggIsqBzpuz5H//U1FU=
github.com/montanaflynn/stats v0.5.0 h1:2EkzeTSqBB4V4bJwWrt5gIIrZmpJBcoIRGS2kWLgzmk=
github.com/montanaflynn/stats v0.5.0/go.mod h1:wL8QJuTMNUDYhXwkmfOly8iTdp5TEcJFWZD2D7SIkUc=
github.com/peterh/liner v1.1.0 h1:f+aAedNJA6uk7+6rXsYBnhdo4Xux7ESLe+kcuVUF5os=
github.com/peterh/liner v1.1.0/go.mod h1:CRroGNssyjTd/qIG2FyxByd2S8JEAZXBl4qUrZf8GS0=
github.com/raff/godet v0.0.0-20190628174459-0ef2d21884cc h1:iQX9nPQ8inG8CSoIZUSwFU8ekr+k3rZohfa3szH0Dkc=
github.com/raff/godet v0.0.0-20190628174459-0ef2d21884cc/go.mod h1:7z2HshXnEYBhiFEws0dIy334q8HFK8G5qsFAsmM81LU=
golang.org/x/crypto v0.0.0-20190308221718-c2843e01d9a2/go.mod h1:djNgcEr1/C05ACkg1iLfiJU5Ep61QUkGW8qpdssI0+w=
golang.org/x/net v0.0.0-20190724013045-ca1201d0de80 h1:Ao/3l156eZf2AW5wK8a7/smtodRU+gha3+BeqJ69lRk=
golang.org/x/net v0.0.0-20190724013045-ca1201d0de80/go.mod h1:z5CRVTTTmAJ677TzLLGU+0bjPO0LkuOLi4/5GtJWs/s=
golang.org/x/sys v0.0.0-20190215142949-d0b11bdaac8a/go.mod h1:STP8DvDyc/dI5b8T5hshtkjS+E42TnysNCUPdjciGhY=
golang.org/x/text v0.3.0/go.mod h1:NqM8EUOU14njkJ3fqMW+pc6Ldnwhi/IjpwHt7yyuwOQ=
gopkg.in/gographics/imagick.v3 v3.2.0 h1:eUwlkCw2fa20OGu47G39Im8c50S9n/CVkh8PwtOKExA=
gopkg.in/gographics/imagick.v3 v3.2.0/go.mod h1:HbW83cYCl1jftZi3B/VZpVqsuNi4vW7qUrghjxBiT+8=
